{
  "name": "ajs-homeworks-platforms-2",
  "version": "1.0.0",
  "lockfileVersion": 1,
  "requires": true,
  "dependencies": {
    "@tarapiygin/ajs-homeworks-platforms-1": {
      "version": "1.0.0",
      "resolved": "https://npm.pkg.github.com/download/@tarapiygin/ajs-homeworks-platforms-1/1.0.0/f28ef696deda32cf4e161b4e7f6f85c65de443b6f46bbcb9f04723c66cd41b72",
      "integrity": "sha512-Si+IVGD/HA/9TcOYyFhbrShoNQRumycbWs2ULxV+DUg8tPEvtSwx70NhWpF9hkDP3qgB6/gJ0j0qPYcgLCLC9A=="
    }
  }
}
